# This file was autogenerated by Stack.
# You should not edit this file by hand.
# For more information, please see the documentation at:
#   https://docs.haskellstack.org/en/stable/lock_files

packages:
- completed:
    hackage: discord-haskell-1.5.0@sha256:eabc14a9f6b0f2ba82034c0fe80e8504a816c915fb99e83e7b71c3a878e7692d,3798
    pantry-tree:
      size: 2108
      sha256: 9d3edbdcf4193af765d251a7d8a7562f87126f1624fa6360fb5dc0c5a341f448
  original:
    hackage: discord-haskell-1.5.0
- completed:
    hackage: containers-0.6.2.1@sha256:bbc3d2d5eef59a5d26383fb4b727c968390f2b6e9bd413d29aa875175bb16f8b,2460
    pantry-tree:
      size: 2823
      sha256: 5bb0af2da4e4cc5472a17063ecdbda8f1117e5f3509fcd600f2cbd7e2b760f49
  original:
    hackage: containers-0.6.2.1
- completed:
    hackage: aeson-1.4.7.1@sha256:6d8d2fd959b7122a1df9389cf4eca30420a053d67289f92cdc0dbc0dab3530ba,7098
    pantry-tree:
      size: 40133
      sha256: caa9306e519c601ab0170d113daa03c1163db53e5466be2968bbd61a771bebcb
  original:
    hackage: aeson-1.4.7.1
- completed:
    hackage: emoji-0.1.0.2@sha256:d995572a5c7dcd28f98eb15c6e387a7b3bda1ac2477ab0d9dba8580d5d7b161f,1273
    pantry-tree:
      size: 437
      sha256: dd9ea90a631342e5db0fc21331ade4d563a685e9125d5a3989eefa8e1b96c6c6
  original:
    hackage: emoji-0.1.0.2
- completed:
    hackage: file-embed-0.0.11.2@sha256:544b15a7de92f1e81e38ae5c3ea3ddc537a3ee9ce89cc3555ef0af420ea57d70,1327
    pantry-tree:
      size: 477
      sha256: b6297f2e5f1d002ba23be2cf3a0984cc40c120c4defb8c031c7ec311651a9e0d
  original:
    hackage: file-embed-0.0.11.2
- completed:
    hackage: stm-2.5.0.0@sha256:c238075f9f0711cd6a78eab6001b3e218cdaa745d6377bf83cc21e58ceec2ea1,2100
    pantry-tree:
      size: 898
      sha256: 8ef9688d399f931a040d5d316ef8d40efacc14fcb099eba637adb7d00e75ecde
  original:
    hackage: stm-2.5.0.0
snapshots:
- completed:
    size: 491372
    url: https://raw.githubusercontent.com/commercialhaskell/stackage-snapshots/master/lts/15/5.yaml
    sha256: 1b549cfff328040c382a70a84a2087aac8dab6d778bf92f32a93a771a1980dfc
  original: lts-15.5
